
Microsoft Visual Studio Solution File, Format Version 12.00
Project("{FAE04EC0-301F-11D3-BF4B-00C04F79EFBC}") = "apbd-cw1-git-s33985", "apbd-cw1-git-s33985.csproj", "{B85B80C3-1DA9-4A6B-A917-07775023AC7D}"
EndProject
Global
	GlobalSection(SolutionConfigurationPlatforms) = preSolution
		Debug|Any CPU = Debug|Any CPU
		Release|Any CPU = Release|Any CPU
	EndGlobalSection
	GlobalSection(ProjectConfigurationPlatforms) = postSolution
		{B85B80C3-1DA9-4A6B-A917-07775023AC7D}.Debug|Any CPU.ActiveCfg = Debug|Any CPU
		{B85B80C3-1DA9-4A6B-A917-07775023AC7D}.Debug|Any CPU.Build.0 = Debug|Any CPU
		{B85B80C3-1DA9-4A6B-A917-07775023AC7D}.Release|Any CPU.ActiveCfg = Release|Any CPU
		{B85B80C3-1DA9-4A6B-A917-07775023AC7D}.Release|Any CPU.Build.0 = Release|Any CPU
	EndGlobalSection
EndGlobal
